
Microsoft Visual Studio Solution File, Format Version 12.00
Project("{FAE04EC0-301F-11D3-BF4B-00C04F79EFBC}") = "TweetCounter.Api", "TweetCounter.Api.csproj", "{2099832C-4316-4DB0-84DD-5FE4078CB7D3}"
EndProject
Global
	GlobalSection(SolutionConfigurationPlatforms) = preSolution
		Debug|Any CPU = Debug|Any CPU
		Release|Any CPU = Release|Any CPU
	EndGlobalSection
	GlobalSection(ProjectConfigurationPlatforms) = postSolution
		{2099832C-4316-4DB0-84DD-5FE4078CB7D3}.Debug|Any CPU.ActiveCfg = Debug|Any CPU
		{2099832C-4316-4DB0-84DD-5FE4078CB7D3}.Debug|Any CPU.Build.0 = Debug|Any CPU
		{2099832C-4316-4DB0-84DD-5FE4078CB7D3}.Release|Any CPU.ActiveCfg = Release|Any CPU
		{2099832C-4316-4DB0-84DD-5FE4078CB7D3}.Release|Any CPU.Build.0 = Release|Any CPU
	EndGlobalSection
EndGlobal
